
Microsoft Visual Studio Solution File, Format Version 12.00
# Visual Studio Version 16
VisualStudioVersion = 16.0.28803.202
MinimumVisualStudioVersion = 10.0.40219.1
Project("{FAE04EC0-301F-11D3-BF4B-00C04F79EFBC}") = "Nemerle.Compiler.Utils", "Nemerle.Compiler.Utils\Nemerle.Compiler.Utils.csproj", "{8DEC5A24-95AB-4B5D-ABD8-BE53EF793BBE}"
EndProject
Project("{FAE04EC0-301F-11D3-BF4B-00C04F79EFBC}") = "WpfHint", "WpfHint\WpfHint.csproj", "{7670DE22-B023-4783-BA19-BB2DB50E1762}"
EndProject
Project("{FAE04EC0-301F-11D3-BF4B-00C04F79EFBC}") = "Nemerle.VisualStudio", "Nemerle.VisualStudio\Nemerle.VisualStudio.csproj", "{16041FE4-7A5D-4DFD-9A79-A92B6A81E291}"
EndProject
Project("{D954291E-2A0B-460D-934E-DC6B0785DB48}") = "ProjectBase", "ProjectBase\ProjectBase.shproj", "{F6104585-FA42-466D-BE5D-04E275218798}"
EndProject
Project("{FAE04EC0-301F-11D3-BF4B-00C04F79EFBC}") = "Nemerle.VisualStudio.16", "Nemerle.VisualStudio\Nemerle.VisualStudio.16.csproj", "{58155C67-0BB4-4F1B-885B-0B9716AC64EE}"
EndProject
Global
	GlobalSection(SharedMSBuildProjectFiles) = preSolution
		ProjectBase\ProjectBase.projitems*{58155c67-0bb4-4f1b-885b-0b9716ac64ee}*SharedItemsImports = 4
		ProjectBase\ProjectBase.projitems*{f6104585-fa42-466d-be5d-04e275218798}*SharedItemsImports = 13
	EndGlobalSection
	GlobalSection(SolutionConfigurationPlatforms) = preSolution
		Debug|Any CPU = Debug|Any CPU
		Release|Any CPU = Release|Any CPU
	EndGlobalSection
	GlobalSection(ProjectConfigurationPlatforms) = postSolution
		{8DEC5A24-95AB-4B5D-ABD8-BE53EF793BBE}.Debug|Any CPU.ActiveCfg = Debug|Any CPU
		{8DEC5A24-95AB-4B5D-ABD8-BE53EF793BBE}.Debug|Any CPU.Build.0 = Debug|Any CPU
		{8DEC5A24-95AB-4B5D-ABD8-BE53EF793BBE}.Release|Any CPU.ActiveCfg = Release|Any CPU
		{8DEC5A24-95AB-4B5D-ABD8-BE53EF793BBE}.Release|Any CPU.Build.0 = Release|Any CPU
		{7670DE22-B023-4783-BA19-BB2DB50E1762}.Debug|Any CPU.ActiveCfg = Debug|Any CPU
		{7670DE22-B023-4783-BA19-BB2DB50E1762}.Debug|Any CPU.Build.0 = Debug|Any CPU
		{7670DE22-B023-4783-BA19-BB2DB50E1762}.Release|Any CPU.ActiveCfg = Release|Any CPU
		{7670DE22-B023-4783-BA19-BB2DB50E1762}.Release|Any CPU.Build.0 = Release|Any CPU
		{16041FE4-7A5D-4DFD-9A79-A92B6A81E291}.Debug|Any CPU.ActiveCfg = Debug|Any CPU
		{16041FE4-7A5D-4DFD-9A79-A92B6A81E291}.Debug|Any CPU.Build.0 = Debug|Any CPU
		{16041FE4-7A5D-4DFD-9A79-A92B6A81E291}.Release|Any CPU.ActiveCfg = Release|Any CPU
		{16041FE4-7A5D-4DFD-9A79-A92B6A81E291}.Release|Any CPU.Build.0 = Release|Any CPU
		{58155C67-0BB4-4F1B-885B-0B9716AC64EE}.Debug|Any CPU.ActiveCfg = Debug|Any CPU
		{58155C67-0BB4-4F1B-885B-0B9716AC64EE}.Debug|Any CPU.Build.0 = Debug|Any CPU
		{58155C67-0BB4-4F1B-885B-0B9716AC64EE}.Release|Any CPU.ActiveCfg = Release|Any CPU
		{58155C67-0BB4-4F1B-885B-0B9716AC64EE}.Release|Any CPU.Build.0 = Release|Any CPU
	EndGlobalSection
	GlobalSection(SolutionProperties) = preSolution
		HideSolutionNode = FALSE
	EndGlobalSection
	GlobalSection(ExtensibilityGlobals) = postSolution
		SolutionGuid = {2FD2C4C1-2B82-412C-86FE-BEBAFB948DCA}
	EndGlobalSection
EndGlobal
